
Microsoft Visual Studio Solution File, Format Version 12.00
# Visual Studio 15
VisualStudioVersion = 15.0.26430.6
MinimumVisualStudioVersion = 10.0.40219.1
Project("{FAE04EC0-301F-11D3-BF4B-00C04F79EFBC}") = "BanGLiver", "BanGDreamLiver\BanGLiver.csproj", "{72644970-5F43-4432-B447-F86FC7F35DCB}"
EndProject
Global
	GlobalSection(SolutionConfigurationPlatforms) = preSolution
		Debug|Any CPU = Debug|Any CPU
		Release|Any CPU = Release|Any CPU
	EndGlobalSection
	GlobalSection(ProjectConfigurationPlatforms) = postSolution
		{72644970-5F43-4432-B447-F86FC7F35DCB}.Debug|Any CPU.ActiveCfg = Debug|Any CPU
		{72644970-5F43-4432-B447-F86FC7F35DCB}.Debug|Any CPU.Build.0 = Debug|Any CPU
		{72644970-5F43-4432-B447-F86FC7F35DCB}.Release|Any CPU.ActiveCfg = Release|Any CPU
		{72644970-5F43-4432-B447-F86FC7F35DCB}.Release|Any CPU.Build.0 = Release|Any CPU
	EndGlobalSection
	GlobalSection(SolutionProperties) = preSolution
		HideSolutionNode = FALSE
	EndGlobalSection
EndGlobal
